
Microsoft Visual Studio Solution File, Format Version 12.00
# Visual Studio Version 17
VisualStudioVersion = 17.7.34031.279
MinimumVisualStudioVersion = 10.0.40219.1
Project("{9A19103F-16F7-4668-BE54-9A1E7A4F7556}") = "PlaygroupConnect", "MDMovies\PlaygroupConnect.csproj", "{BEE29FB0-50C9-4A04-A1CD-A0DC804CF5BA}"
EndProject
Global
	GlobalSection(SolutionConfigurationPlatforms) = preSolution
		Debug|Any CPU = Debug|Any CPU
		Release|Any CPU = Release|Any CPU
	EndGlobalSection
	GlobalSection(ProjectConfigurationPlatforms) = postSolution
		{BEE29FB0-50C9-4A04-A1CD-A0DC804CF5BA}.Debug|Any CPU.ActiveCfg = Debug|Any CPU
		{BEE29FB0-50C9-4A04-A1CD-A0DC804CF5BA}.Debug|Any CPU.Build.0 = Debug|Any CPU
		{BEE29FB0-50C9-4A04-A1CD-A0DC804CF5BA}.Release|Any CPU.ActiveCfg = Release|Any CPU
		{BEE29FB0-50C9-4A04-A1CD-A0DC804CF5BA}.Release|Any CPU.Build.0 = Release|Any CPU
	EndGlobalSection
	GlobalSection(SolutionProperties) = preSolution
		HideSolutionNode = FALSE
	EndGlobalSection
	GlobalSection(ExtensibilityGlobals) = postSolution
		SolutionGuid = {AF2793F2-5728-4168-B986-629F05E9E118}
	EndGlobalSection
EndGlobal
